// !$*UTF8*$!
{
	archiveVersion = 1;
	classes = {
	};
	objectVersion = 56;
	objects = {

/* Begin PBXBuildFile section */
		AC08E1CD2A0A53B900918D2C /* ModelData.swift in Sources */ = {isa = PBXBuildFile; fileRef = AC08E1CC2A0A53B900918D2C /* ModelData.swift */; };
		AC08E1CF2A0A53EC00918D2C /* ChatGPTAPI.swift in Sources */ = {isa = PBXBuildFile; fileRef = AC08E1CE2A0A53EC00918D2C /* ChatGPTAPI.swift */; };
		AC08E1D12A0A542A00918D2C /* ChatGPTWebViewStore.swift in Sources */ = {isa = PBXBuildFile; fileRef = AC08E1D02A0A542A00918D2C /* ChatGPTWebViewStore.swift */; };
		AC73AE182A0F94540061A2E3 /* Chat.swift in Sources */ = {isa = PBXBuildFile; fileRef = AC73AE172A0F94540061A2E3 /* Chat.swift */; };
		AC73AE1A2A0F97AF0061A2E3 /* ChatGPTPage.swift in Sources */ = {isa = PBXBuildFile; fileRef = AC73AE192A0F97AF0061A2E3 /* ChatGPTPage.swift */; };
		AC73AE1C2A0F9B9F0061A2E3 /* MessageRow.swift in Sources */ = {isa = PBXBuildFile; fileRef = AC73AE1B2A0F9B9F0061A2E3 /* MessageRow.swift */; };
		AC73AE1E2A0F9C450061A2E3 /* ChatGPTAuth.swift in Sources */ = {isa = PBXBuildFile; fileRef = AC73AE1D2A0F9C450061A2E3 /* ChatGPTAuth.swift */; };
		AC73AE202A0F9E9B0061A2E3 /* script.js in Resources */ = {isa = PBXBuildFile; fileRef = AC73AE1F2A0F9E9B0061A2E3 /* script.js */; };
		ACDAFFAF2A091306001D2EBA /* WebView.swift in Sources */ = {isa = PBXBuildFile; fileRef = ACDAFFAE2A091306001D2EBA /* WebView.swift */; };
		ACDAFFB12A0919E4001D2EBA /* WebVIewStore.swift in Sources */ = {isa = PBXBuildFile; fileRef = ACDAFFB02A0919E4001D2EBA /* WebVIewStore.swift */; };
		ACDF78D22A0392CB00CEE1D8 /* ChatUpAIApp.swift in Sources */ = {isa = PBXBuildFile; fileRef = ACDF78D12A0392CB00CEE1D8 /* ChatUpAIApp.swift */; };
		ACDF78D42A0392CB00CEE1D8 /* ContentView.swift in Sources */ = {isa = PBXBuildFile; fileRef = ACDF78D32A0392CB00CEE1D8 /* ContentView.swift */; };
		ACDF78D62A0392CD00CEE1D8 /* Assets.xcassets in Resources */ = {isa = PBXBuildFile; fileRef = ACDF78D52A0392CD00CEE1D8 /* Assets.xcassets */; };
		ACDF78D92A0392CD00CEE1D8 /* Preview Assets.xcassets in Resources */ = {isa = PBXBuildFile; fileRef = ACDF78D82A0392CD00CEE1D8 /* Preview Assets.xcassets */; };
		ACDF78E02A03948600CEE1D8 /* ChatGPT.swift in Sources */ = {isa = PBXBuildFile; fileRef = ACDF78DF2A03948600CEE1D8 /* ChatGPT.swift */; };
/* End PBXBuildFile section */

/* Begin PBXFileReference section */
		AC08E1CC2A0A53B900918D2C /* ModelData.swift */ = {isa = PBXFileReference; lastKnownFileType = sourcecode.swift; path = ModelData.swift; sourceTree = "<group>"; };
		AC08E1CE2A0A53EC00918D2C /* ChatGPTAPI.swift */ = {isa = PBXFileReference; lastKnownFileType = sourcecode.swift; path = ChatGPTAPI.swift; sourceTree = "<group>"; };
		AC08E1D02A0A542A00918D2C /* ChatGPTWebViewStore.swift */ = {isa = PBXFileReference; lastKnownFileType = sourcecode.swift; path = ChatGPTWebViewStore.swift; sourceTree = "<group>"; };
		AC73AE172A0F94540061A2E3 /* Chat.swift */ = {isa = PBXFileReference; lastKnownFileType = sourcecode.swift; path = Chat.swift; sourceTree = "<group>"; };
		AC73AE192A0F97AF0061A2E3 /* ChatGPTPage.swift */ = {isa = PBXFileReference; lastKnownFileType = sourcecode.swift; path = ChatGPTPage.swift; sourceTree = "<group>"; };
		AC73AE1B2A0F9B9F0061A2E3 /* MessageRow.swift */ = {isa = PBXFileReference; lastKnownFileType = sourcecode.swift; path = MessageRow.swift; sourceTree = "<group>"; };
		AC73AE1D2A0F9C450061A2E3 /* ChatGPTAuth.swift */ = {isa = PBXFileReference; lastKnownFileType = sourcecode.swift; path = ChatGPTAuth.swift; sourceTree = "<group>"; };
		AC73AE1F2A0F9E9B0061A2E3 /* script.js */ = {isa = PBXFileReference; fileEncoding = 4; lastKnownFileType = sourcecode.javascript; path = script.js; sourceTree = "<group>"; };
		AC73AE212A0FA0730061A2E3 /* Info.plist */ = {isa = PBXFileReference; lastKnownFileType = text.plist; path = Info.plist; sourceTree = "<group>"; };
		ACDAFFAE2A091306001D2EBA /* WebView.swift */ = {isa = PBXFileReference; lastKnownFileType = sourcecode.swift; path = WebView.swift; sourceTree = "<group>"; };
		ACDAFFB02A0919E4001D2EBA /* WebVIewStore.swift */ = {isa = PBXFileReference; lastKnownFileType = sourcecode.swift; path = WebVIewStore.swift; sourceTree = "<group>"; };
		ACDF78CE2A0392CB00CEE1D8 /* ChatUpAI.app */ = {isa = PBXFileReference; explicitFileType = wrapper.application; includeInIndex = 0; path = ChatUpAI.app; sourceTree = BUILT_PRODUCTS_DIR; };
		ACDF78D12A0392CB00CEE1D8 /* ChatUpAIApp.swift */ = {isa = PBXFileReference; lastKnownFileType = sourcecode.swift; path = ChatUpAIApp.swift; sourceTree = "<group>"; };
		ACDF78D32A0392CB00CEE1D8 /* ContentView.swift */ = {isa = PBXFileReference; lastKnownFileType = sourcecode.swift; path = ContentView.swift; sourceTree = "<group>"; };
		ACDF78D52A0392CD00CEE1D8 /* Assets.xcassets */ = {isa = PBXFileReference; lastKnownFileType = folder.assetcatalog; path = Assets.xcassets; sourceTree = "<group>"; };
		ACDF78D82A0392CD00CEE1D8 /* Preview Assets.xcassets */ = {isa = PBXFileReference; lastKnownFileType = folder.assetcatalog; path = "Preview Assets.xcassets"; sourceTree = "<group>"; };
		ACDF78DF2A03948600CEE1D8 /* ChatGPT.swift */ = {isa = PBXFileReference; lastKnownFileType = sourcecode.swift; path = ChatGPT.swift; sourceTree = "<group>"; };
/* End PBXFileReference section */

/* Begin PBXFrameworksBuildPhase section */
		ACDF78CB2A0392CB00CEE1D8 /* Frameworks */ = {
			isa = PBXFrameworksBuildPhase;
			buildActionMask = 2147483647;
			files = (
			);
			runOnlyForDeploymentPostprocessing = 0;
		};
/* End PBXFrameworksBuildPhase section */

/* Begin PBXGroup section */
		ACDF78C52A0392CB00CEE1D8 = {
			isa = PBXGroup;
			children = (
				AC08E1D02A0A542A00918D2C /* ChatGPTWebViewStore.swift */,
				AC08E1CE2A0A53EC00918D2C /* ChatGPTAPI.swift */,
				ACDF78D02A0392CB00CEE1D8 /* ChatUpAI */,
				ACDF78CF2A0392CB00CEE1D8 /* Products */,
			);
			sourceTree = "<group>";
		};
		ACDF78CF2A0392CB00CEE1D8 /* Products */ = {
			isa = PBXGroup;
			children = (
				ACDF78CE2A0392CB00CEE1D8 /* ChatUpAI.app */,
			);
			name = Products;
			sourceTree = "<group>";
		};
		ACDF78D02A0392CB00CEE1D8 /* ChatUpAI */ = {
			isa = PBXGroup;
			children = (
				AC73AE212A0FA0730061A2E3 /* Info.plist */,
				ACDF78D12A0392CB00CEE1D8 /* ChatUpAIApp.swift */,
				ACDF78D32A0392CB00CEE1D8 /* ContentView.swift */,
				ACDF78D52A0392CD00CEE1D8 /* Assets.xcassets */,
				ACDF78D72A0392CD00CEE1D8 /* Preview Content */,
				ACDF78DF2A03948600CEE1D8 /* ChatGPT.swift */,
				ACDAFFAE2A091306001D2EBA /* WebView.swift */,
				ACDAFFB02A0919E4001D2EBA /* WebVIewStore.swift */,
				AC08E1CC2A0A53B900918D2C /* ModelData.swift */,
				AC73AE172A0F94540061A2E3 /* Chat.swift */,
				AC73AE192A0F97AF0061A2E3 /* ChatGPTPage.swift */,
				AC73AE1D2A0F9C450061A2E3 /* ChatGPTAuth.swift */,
			);
			path = ChatUpAI;
			sourceTree = "<group>";
		};
		ACDF78D72A0392CD00CEE1D8 /* Preview Content */ = {
			isa = PBXGroup;
			children = (
				ACDF78D82A0392CD00CEE1D8 /* Preview Assets.xcassets */,
				AC73AE1B2A0F9B9F0061A2E3 /* MessageRow.swift */,
				AC73AE1F2A0F9E9B0061A2E3 /* script.js */,
			);
			path = "Preview Content";
			sourceTree = "<group>";
		};
/* End PBXGroup section */

/* Begin PBXNativeTarget section */
		ACDF78CD2A0392CB00CEE1D8 /* ChatUpAI */ = {
			isa = PBXNativeTarget;
			buildConfigurationList = ACDF78DC2A0392CD00CEE1D8 /* Build configuration list for PBXNativeTarget "ChatUpAI" */;
			buildPhases = (
				ACDF78CA2A0392CB00CEE1D8 /* Sources */,
				ACDF78CB2A0392CB00CEE1D8 /* Frameworks */,
				ACDF78CC2A0392CB00CEE1D8 /* Resources */,
			);
			buildRules = (
			);
			dependencies = (
			);
			name = ChatUpAI;
			productName = ChatUpAI;
			productReference = ACDF78CE2A0392CB00CEE1D8 /* ChatUpAI.app */;
			productType = "com.apple.product-type.application";
		};
/* End PBXNativeTarget section */

/* Begin PBXProject section */
		ACDF78C62A0392CB00CEE1D8 /* Project object */ = {
			isa = PBXProject;
			attributes = {
				BuildIndependentTargetsInParallel = 1;
				LastSwiftUpdateCheck = 1420;
				LastUpgradeCheck = 1420;
				TargetAttributes = {
					ACDF78CD2A0392CB00CEE1D8 = {
						CreatedOnToolsVersion = 14.2;
					};
				};
			};
			buildConfigurationList = ACDF78C92A0392CB00CEE1D8 /* Build configuration list for PBXProject "ChatUpAI" */;
			compatibilityVersion = "Xcode 14.0";
			developmentRegion = en;
			hasScannedForEncodings = 0;
			knownRegions = (
				en,
				Base,
			);
			mainGroup = ACDF78C52A0392CB00CEE1D8;
			productRefGroup = ACDF78CF2A0392CB00CEE1D8 /* Products */;
			projectDirPath = "";
			projectRoot = "";
			targets = (
				ACDF78CD2A0392CB00CEE1D8 /* ChatUpAI */,
			);
		};
/* End PBXProject section */

/* Begin PBXResourcesBuildPhase section */
		ACDF78CC2A0392CB00CEE1D8 /* Resources */ = {
			isa = PBXResourcesBuildPhase;
			buildActionMask = 2147483647;
			files = (
				ACDF78D92A0392CD00CEE1D8 /* Preview Assets.xcassets in Resources */,
				AC73AE202A0F9E9B0061A2E3 /* script.js in Resources */,
				ACDF78D62A0392CD00CEE1D8 /* Assets.xcassets in Resources */,
			);
			runOnlyForDeploymentPostprocessing = 0;
		};
/* End PBXResourcesBuildPhase section */

/* Begin PBXSourcesBuildPhase section */
		ACDF78CA2A0392CB00CEE1D8 /* Sources */ = {
			isa = PBXSourcesBuildPhase;
			buildActionMask = 2147483647;
			files = (
				AC73AE1A2A0F97AF0061A2E3 /* ChatGPTPage.swift in Sources */,
				AC73AE1E2A0F9C450061A2E3 /* ChatGPTAuth.swift in Sources */,
				AC73AE1C2A0F9B9F0061A2E3 /* MessageRow.swift in Sources */,
				ACDAFFB12A0919E4001D2EBA /* WebVIewStore.swift in Sources */,
				ACDF78E02A03948600CEE1D8 /* ChatGPT.swift in Sources */,
				ACDAFFAF2A091306001D2EBA /* WebView.swift in Sources */,
				ACDF78D42A0392CB00CEE1D8 /* ContentView.swift in Sources */,
				AC73AE182A0F94540061A2E3 /* Chat.swift in Sources */,
				AC08E1CF2A0A53EC00918D2C /* ChatGPTAPI.swift in Sources */,
				AC08E1D12A0A542A00918D2C /* ChatGPTWebViewStore.swift in Sources */,
				ACDF78D22A0392CB00CEE1D8 /* ChatUpAIApp.swift in Sources */,
				AC08E1CD2A0A53B900918D2C /* ModelData.swift in Sources */,
			);
			runOnlyForDeploymentPostprocessing = 0;
		};
/* End PBXSourcesBuildPhase section */

/* Begin XCBuildConfiguration section */
		ACDF78DA2A0392CD00CEE1D8 /* Debug */ = {
			isa = XCBuildConfiguration;
			buildSettings = {
				ALWAYS_SEARCH_USER_PATHS = NO;
				CLANG_ANALYZER_NONNULL = YES;
				CLANG_ANALYZER_NUMBER_OBJECT_CONVERSION = YES_AGGRESSIVE;
				CLANG_CXX_LANGUAGE_STANDARD = "gnu++20";
				CLANG_ENABLE_MODULES = YES;
				CLANG_ENABLE_OBJC_ARC = YES;
				CLANG_ENABLE_OBJC_WEAK = YES;
				CLANG_WARN_BLOCK_CAPTURE_AUTORELEASING = YES;
				CLANG_WARN_BOOL_CONVERSION = YES;
				CLANG_WARN_COMMA = YES;
				CLANG_WARN_CONSTANT_CONVERSION = YES;
				CLANG_WARN_DEPRECATED_OBJC_IMPLEMENTATIONS = YES;
				CLANG_WARN_DIRECT_OBJC_ISA_USAGE = YES_ERROR;
				CLANG_WARN_DOCUMENTATION_COMMENTS = YES;
				CLANG_WARN_EMPTY_BODY = YES;
				CLANG_WARN_ENUM_CONVERSION = YES;
				CLANG_WARN_INFINITE_RECURSION = YES;
				CLANG_WARN_INT_CONVERSION = YES;
				CLANG_WARN_NON_LITERAL_NULL_CONVERSION = YES;
				CLANG_WARN_OBJC_IMPLICIT_RETAIN_SELF = YES;
				CLANG_WARN_OBJC_LITERAL_CONVERSION = YES;
				CLANG_WARN_OBJC_ROOT_CLASS = YES_ERROR;
				CLANG_WARN_QUOTED_INCLUDE_IN_FRAMEWORK_HEADER = YES;
				CLANG_WARN_RANGE_LOOP_ANALYSIS = YES;
				CLANG_WARN_STRICT_PROTOTYPES = YES;
				CLANG_WARN_SUSPICIOUS_MOVE = YES;
				CLANG_WARN_UNGUARDED_AVAILABILITY = YES_AGGRESSIVE;
				CLANG_WARN_UNREACHABLE_CODE = YES;
				CLANG_WARN__DUPLICATE_METHOD_MATCH = YES;
				COPY_PHASE_STRIP = NO;
				DEBUG_INFORMATION_FORMAT = dwarf;
				ENABLE_STRICT_OBJC_MSGSEND = YES;
				ENABLE_TESTABILITY = YES;
				GCC_C_LANGUAGE_STANDARD = gnu11;
				GCC_DYNAMIC_NO_PIC = NO;
				GCC_NO_COMMON_BLOCKS = YES;
				GCC_OPTIMIZATION_LEVEL = 0;
				GCC_PREPROCESSOR_DEFINITIONS = (
					"DEBUG=1",
					"$(inherited)",
				);
				GCC_WARN_64_TO_32_BIT_CONVERSION = YES;
				GCC_WARN_ABOUT_RETURN_TYPE = YES_ERROR;
				GCC_WARN_UNDECLARED_SELECTOR = YES;
				GCC_WARN_UNINITIALIZED_AUTOS = YES_AGGRESSIVE;
				GCC_WARN_UNUSED_FUNCTION = YES;
				GCC_WARN_UNUSED_VARIABLE = YES;
				IPHONEOS_DEPLOYMENT_TARGET = 16.2;
				MTL_ENABLE_DEBUG_INFO = INCLUDE_SOURCE;
				MTL_FAST_MATH = YES;
				ONLY_ACTIVE_ARCH = YES;
				SDKROOT = iphoneos;
				SWIFT_ACTIVE_COMPILATION_CONDITIONS = DEBUG;
				SWIFT_OPTIMIZATION_LEVEL = "-Onone";
			};
			name = Debug;
		};
		ACDF78DB2A0392CD00CEE1D8 /* Release */ = {
			isa = XCBuildConfiguration;
			buildSettings = {
				ALWAYS_SEARCH_USER_PATHS = NO;
				CLANG_ANALYZER_NONNULL = YES;
				CLANG_ANALYZER_NUMBER_OBJECT_CONVERSION = YES_AGGRESSIVE;
				CLANG_CXX_LANGUAGE_STANDARD = "gnu++20";
				CLANG_ENABLE_MODULES = YES;
				CLANG_ENABLE_OBJC_ARC = YES;
				CLANG_ENABLE_OBJC_WEAK = YES;
				CLANG_WARN_BLOCK_CAPTURE_AUTORELEASING = YES;
				CLANG_WARN_BOOL_CONVERSION = YES;
				CLANG_WARN_COMMA = YES;
				CLANG_WARN_CONSTANT_CONVERSION = YES;
				CLANG_WARN_DEPRECATED_OBJC_IMPLEMENTATIONS = YES;
				CLANG_WARN_DIRECT_OBJC_ISA_USAGE = YES_ERROR;
				CLANG_WARN_DOCUMENTATION_COMMENTS = YES;
				CLANG_WARN_EMPTY_BODY = YES;
				CLANG_WARN_ENUM_CONVERSION = YES;
				CLANG_WARN_INFINITE_RECURSION = YES;
				CLANG_WARN_INT_CONVERSION = YES;
				CLANG_WARN_NON_LITERAL_NULL_CONVERSION = YES;
				CLANG_WARN_OBJC_IMPLICIT_RETAIN_SELF = YES;
				CLANG_WARN_OBJC_LITERAL_CONVERSION = YES;
				CLANG_WARN_OBJC_ROOT_CLASS = YES_ERROR;
				CLANG_WARN_QUOTED_INCLUDE_IN_FRAMEWORK_HEADER = YES;
				CLANG_WARN_RANGE_LOOP_ANALYSIS = YES;
				CLANG_WARN_STRICT_PROTOTYPES = YES;
				CLANG_WARN_SUSPICIOUS_MOVE = YES;
				CLANG_WARN_UNGUARDED_AVAILABILITY = YES_AGGRESSIVE;
				CLANG_WARN_UNREACHABLE_CODE = YES;
				CLANG_WARN__DUPLICATE_METHOD_MATCH = YES;
				COPY_PHASE_STRIP = NO;
				DEBUG_INFORMATION_FORMAT = "dwarf-with-dsym";
				ENABLE_NS_ASSERTIONS = NO;
				ENABLE_STRICT_OBJC_MSGSEND = YES;
				GCC_C_LANGUAGE_STANDARD = gnu11;
				GCC_NO_COMMON_BLOCKS = YES;
				GCC_WARN_64_TO_32_BIT_CONVERSION = YES;
				GCC_WARN_ABOUT_RETURN_TYPE = YES_ERROR;
				GCC_WARN_UNDECLARED_SELECTOR = YES;
				GCC_WARN_UNINITIALIZED_AUTOS = YES_AGGRESSIVE;
				GCC_WARN_UNUSED_FUNCTION = YES;
				GCC_WARN_UNUSED_VARIABLE = YES;
				IPHONEOS_DEPLOYMENT_TARGET = 16.2;
				MTL_ENABLE_DEBUG_INFO = NO;
				MTL_FAST_MATH = YES;
				SDKROOT = iphoneos;
				SWIFT_COMPILATION_MODE = wholemodule;
				SWIFT_OPTIMIZATION_LEVEL = "-O";
				VALIDATE_PRODUCT = YES;
			};
			name = Release;
		};
		ACDF78DD2A0392CD00CEE1D8 /* Debug */ = {
			isa = XCBuildConfiguration;
			buildSettings = {
				ASSETCATALOG_COMPILER_APPICON_NAME = AppIcon;
				ASSETCATALOG_COMPILER_GLOBAL_ACCENT_COLOR_NAME = AccentColor;
				CODE_SIGN_STYLE = Automatic;
				CURRENT_PROJECT_VERSION = 1;
				DEVELOPMENT_ASSET_PATHS = "\"ChatUpAI/Preview Content\"";
				DEVELOPMENT_TEAM = LU893QGJWJ;
				ENABLE_PREVIEWS = YES;
				GENERATE_INFOPLIST_FILE = YES;
				INFOPLIST_FILE = ChatUpAI/Info.plist;
				INFOPLIST_KEY_UIApplicationSceneManifest_Generation = YES;
				INFOPLIST_KEY_UIApplicationSupportsIndirectInputEvents = YES;
				INFOPLIST_KEY_UILaunchScreen_Generation = YES;
				INFOPLIST_KEY_UISupportedInterfaceOrientations_iPad = "UIInterfaceOrientationPortrait UIInterfaceOrientationPortraitUpsideDown UIInterfaceOrientationLandscapeLeft UIInterfaceOrientationLandscapeRight";
				INFOPLIST_KEY_UISupportedInterfaceOrientations_iPhone = "UIInterfaceOrientationPortrait UIInterfaceOrientationLandscapeLeft UIInterfaceOrientationLandscapeRight";
				LD_RUNPATH_SEARCH_PATHS = (
					"$(inherited)",
					"@executable_path/Frameworks",
				);
				MARKETING_VERSION = 1.0;
				PRODUCT_BUNDLE_IDENTIFIER = Bhumika.ChatUpAI;
				PRODUCT_NAME = "$(TARGET_NAME)";
				SWIFT_EMIT_LOC_STRINGS = YES;
				SWIFT_VERSION = 5.0;
				TARGETED_DEVICE_FAMILY = "1,2";
			};
			name = Debug;
		};
		ACDF78DE2A0392CD00CEE1D8 /* Release */ = {
			isa = XCBuildConfiguration;
			buildSettings = {
				ASSETCATALOG_COMPILER_APPICON_NAME = AppIcon;
				ASSETCATALOG_COMPILER_GLOBAL_ACCENT_COLOR_NAME = AccentColor;
				CODE_SIGN_STYLE = Automatic;
				CURRENT_PROJECT_VERSION = 1;
				DEVELOPMENT_ASSET_PATHS = "\"ChatUpAI/Preview Content\"";
				DEVELOPMENT_TEAM = LU893QGJWJ;
				ENABLE_PREVIEWS = YES;
				GENERATE_INFOPLIST_FILE = YES;
				INFOPLIST_FILE = ChatUpAI/Info.plist;
				INFOPLIST_KEY_UIApplicationSceneManifest_Generation = YES;
				INFOPLIST_KEY_UIApplicationSupportsIndirectInputEvents = YES;
				INFOPLIST_KEY_UILaunchScreen_Generation = YES;
				INFOPLIST_KEY_UISupportedInterfaceOrientations_iPad = "UIInterfaceOrientationPortrait UIInterfaceOrientationPortraitUpsideDown UIInterfaceOrientationLandscapeLeft UIInterfaceOrientationLandscapeRight";
				INFOPLIST_KEY_UISupportedInterfaceOrientations_iPhone = "UIInterfaceOrientationPortrait UIInterfaceOrientationLandscapeLeft UIInterfaceOrientationLandscapeRight";
				LD_RUNPATH_SEARCH_PATHS = (
					"$(inherited)",
					"@executable_path/Frameworks",
				);
				MARKETING_VERSION = 1.0;
				PRODUCT_BUNDLE_IDENTIFIER = Bhumika.ChatUpAI;
				PRODUCT_NAME = "$(TARGET_NAME)";
				SWIFT_EMIT_LOC_STRINGS = YES;
				SWIFT_VERSION = 5.0;
				TARGETED_DEVICE_FAMILY = "1,2";
			};
			name = Release;
		};
/* End XCBuildConfiguration section */

/* Begin XCConfigurationList section */
		ACDF78C92A0392CB00CEE1D8 /* Build configuration list for PBXProject "ChatUpAI" */ = {
			isa = XCConfigurationList;
			buildConfigurations = (
				ACDF78DA2A0392CD00CEE1D8 /* Debug */,
				ACDF78DB2A0392CD00CEE1D8 /* Release */,
			);
			defaultConfigurationIsVisible = 0;
			defaultConfigurationName = Release;
		};
		ACDF78DC2A0392CD00CEE1D8 /* Build configuration list for PBXNativeTarget "ChatUpAI" */ = {
			isa = XCConfigurationList;
			buildConfigurations = (
				ACDF78DD2A0392CD00CEE1D8 /* Debug */,
				ACDF78DE2A0392CD00CEE1D8 /* Release */,
			);
			defaultConfigurationIsVisible = 0;
			defaultConfigurationName = Release;
		};
/* End XCConfigurationList section */
	};
	rootObject = ACDF78C62A0392CB00CEE1D8 /* Project object */;
}
